{
  "lockfileVersion": 1,
  "workspaces": {
    "": {
      "name": "traits-js",
      "peerDependencies": {
        "typescript": "latest",
      },
    },
    "packages/examples/simple": {
      "name": "simple",
      "devDependencies": {
        "@types/bun": "latest",
        "traits-js": "workspace:*",
      },
      "peerDependencies": {
        "typescript": "^5.9.3",
      },
    },
    "packages/traits-js": {
      "name": "traits-js",
      "version": "0.1.0",
      "bin": {
        "traits": "src/bin/traits.bin.ts",
      },
      "dependencies": {
        "eslint-scope": "^8.4.0",
        "oxc-parser": "^0.94.0",
        "oxc-resolver": "^11.7.1",
        "oxc-walker": "^0.5.1",
        "picocolors": "^1.1.1",
      },
      "devDependencies": {
        "@types/bun": "latest",
        "@types/eslint-scope": "^8.3.2",
      },
      "peerDependencies": {
        "typescript": "latest",
      },
    },
  },
  "trustedDependencies": [
    "oxc-resolver",
  ],
  "packages": {
    "@emnapi/core": ["@emnapi/core@1.5.0", "", { "dependencies": { "@emnapi/wasi-threads": "1.1.0", "tslib": "^2.4.0" } }, "sha512-sbP8GzB1WDzacS8fgNPpHlp6C9VZe+SJP3F90W9rLemaQj2PzIuTEl1qDOYQf58YIpyjViI24y9aPWCjEzY2cg=="],

    "@emnapi/runtime": ["@emnapi/runtime@1.5.0", "", { "dependencies": { "tslib": "^2.4.0" } }, "sha512-97/BJ3iXHww3djw6hYIfErCZFee7qCtrneuLa20UXFCOTCfBM2cvQHjWJ2EG0s0MtdNwInarqCTz35i4wWXHsQ=="],

    "@emnapi/wasi-threads": ["@emnapi/wasi-threads@1.1.0", "", { "dependencies": { "tslib": "^2.4.0" } }, "sha512-WI0DdZ8xFSbgMjR1sFsKABJ/C5OnRrjT06JXbZKexJGrDuPTzZdDYfFlsgcCXCyf+suG5QU2e/y1Wo2V/OapLQ=="],

    "@jridgewell/gen-mapping": ["@jridgewell/gen-mapping@0.3.13", "", { "dependencies": { "@jridgewell/sourcemap-codec": "^1.5.0", "@jridgewell/trace-mapping": "^0.3.24" } }, "sha512-2kkt/7niJ6MgEPxF0bYdQ6etZaA+fQvDcLKckhy1yIQOzaoKjBBjSj63/aLVjYE3qhRt5dvM+uUyfCg6UKCBbA=="],

    "@jridgewell/remapping": ["@jridgewell/remapping@2.3.5", "", { "dependencies": { "@jridgewell/gen-mapping": "^0.3.5", "@jridgewell/trace-mapping": "^0.3.24" } }, "sha512-LI9u/+laYG4Ds1TDKSJW2YPrIlcVYOwi2fUC6xB43lueCjgxV4lffOCZCtYFiH6TNOX+tQKXx97T4IKHbhyHEQ=="],

    "@jridgewell/resolve-uri": ["@jridgewell/resolve-uri@3.1.2", "", {}, "sha512-bRISgCIjP20/tbWSPWMEi54QVPRZExkuD9lJL+UIxUKtwVJA8wW1Trb1jMs1RFXo1CBTNZ/5hpC9QvmKWdopKw=="],

    "@jridgewell/sourcemap-codec": ["@jridgewell/sourcemap-codec@1.5.5", "", {}, "sha512-cYQ9310grqxueWbl+WuIUIaiUaDcj7WOq5fVhEljNVgRfOUhY9fy2zTvfoqWsnebh8Sl70VScFbICvJnLKB0Og=="],

    "@jridgewell/trace-mapping": ["@jridgewell/trace-mapping@0.3.30", "", { "dependencies": { "@jridgewell/resolve-uri": "^3.1.0", "@jridgewell/sourcemap-codec": "^1.4.14" } }, "sha512-GQ7Nw5G2lTu/BtHTKfXhKHok2WGetd4XYcVKGx00SjAk8GMwgJM3zr6zORiPGuOE+/vkc90KtTosSSvaCjKb2Q=="],

    "@napi-rs/wasm-runtime": ["@napi-rs/wasm-runtime@1.0.6", "", { "dependencies": { "@emnapi/core": "^1.5.0", "@emnapi/runtime": "^1.5.0", "@tybys/wasm-util": "^0.10.1" } }, "sha512-DXj75ewm11LIWUk198QSKUTxjyRjsBwk09MuMk5DGK+GDUtyPhhEHOGP/Xwwj3DjQXXkivoBirmOnKrLfc0+9g=="],

    "@oxc-parser/binding-android-arm64": ["@oxc-parser/binding-android-arm64@0.94.0", "", { "os": "android", "cpu": "arm64" }, "sha512-Ficqj6MggRGFkemU4pVFTyth3jWVL/zpIWjGMTXaPU81l46ZDcYVFWp9ia6nfE5mm8UdVSI2trvmK+BpNUim7g=="],

    "@oxc-parser/binding-darwin-arm64": ["@oxc-parser/binding-darwin-arm64@0.94.0", "", { "os": "darwin", "cpu": "arm64" }, "sha512-uYyeMH9vMfb0JAdm6ZwHTgcTv53030elQKMnUbux9K5rxOCWbHUyeVACEv86V+E/Ft6RtkvWDIqUY4sYZRmcuQ=="],

    "@oxc-parser/binding-darwin-x64": ["@oxc-parser/binding-darwin-x64@0.94.0", "", { "os": "darwin", "cpu": "x64" }, "sha512-Ek1fh8dw6b+/hzLo5jjPuxkshRxekjtTfhfWZ4RehMYiApT8Rj4k+7kcQ+zV1ZaF+1+yLgNqNja2RMRqx3MHzQ=="],

    "@oxc-parser/binding-freebsd-x64": ["@oxc-parser/binding-freebsd-x64@0.94.0", "", { "os": "freebsd", "cpu": "x64" }, "sha512-81bE/8F252Ew179uVo9FU67dmRc+n8QSMhj6mmMxisdI3ao5MjCI5jDL19mH3UeQ9uRUBSPFILmHBDQYNZ9oKw=="],

    "@oxc-parser/binding-linux-arm-gnueabihf": ["@oxc-parser/binding-linux-arm-gnueabihf@0.94.0", "", { "os": "linux", "cpu": "arm" }, "sha512-aGOU8IYXVYGN2aRrvcU5+UdM7BzIVlm4m0REQzjpblQKRdZfWFtDBRJez+fK/F10g0H1AU5DQVgbW5aeko49Jw=="],

    "@oxc-parser/binding-linux-arm-musleabihf": ["@oxc-parser/binding-linux-arm-musleabihf@0.94.0", "", { "os": "linux", "cpu": "arm" }, "sha512-69/ZuYSZ4dd7UWoEOyf+pXYPtvUZguDQqjhxMx8fI0J30sEEqs1d/DBLLnog/afHmaapPEIEr6rp9jF6bYcgNw=="],

    "@oxc-parser/binding-linux-arm64-gnu": ["@oxc-parser/binding-linux-arm64-gnu@0.94.0", "", { "os": "linux", "cpu": "arm64" }, "sha512-u55PGVVfZF/frpEcv/vowfuqsCd5VKz3wta8KZ3MBxboat7XxgRIMS8VQEBiJ3aYE80taACu5EfPN1y9DhiU0Q=="],

    "@oxc-parser/binding-linux-arm64-musl": ["@oxc-parser/binding-linux-arm64-musl@0.94.0", "", { "os": "linux", "cpu": "arm64" }, "sha512-Qm2SEU7/f2b2Rg76Pj49BdMFF7Vv7+2qLPxaae4aH1515kzVv6nZW0bqCo4fPDDyiE4bryF7Jr+WKhllBxvXPw=="],

    "@oxc-parser/binding-linux-riscv64-gnu": ["@oxc-parser/binding-linux-riscv64-gnu@0.94.0", "", { "os": "linux", "cpu": "none" }, "sha512-bZO3QAt0lsZjk351mVM85obMivbXG+tDiah5XmmOaGO8k4vEYmoiKr2YHJoA2eNpKhPJF8dNyIS7U+XAvirr9g=="],

    "@oxc-parser/binding-linux-s390x-gnu": ["@oxc-parser/binding-linux-s390x-gnu@0.94.0", "", { "os": "linux", "cpu": "s390x" }, "sha512-IdbJ/rwsaEPQx11mQwGoClqhAmVaAF9+3VmDRYVmfsYsrhX1Ue1HvBdVHDvtHzJDuumC/X/codkVId9Ss+7fVg=="],

    "@oxc-parser/binding-linux-x64-gnu": ["@oxc-parser/binding-linux-x64-gnu@0.94.0", "", { "os": "linux", "cpu": "x64" }, "sha512-TbtpRdViF3aPCQBKuEo+TcucwW3KFa6bMHVakgaJu12RZrFpO4h1IWppBbuuBQ9X7SfvpgC1YgCDGve9q6fpEA=="],

    "@oxc-parser/binding-linux-x64-musl": ["@oxc-parser/binding-linux-x64-musl@0.94.0", "", { "os": "linux", "cpu": "x64" }, "sha512-hlfoDmWvgSbexoJ9u3KwAJwpeu91FfJR6++fQjeYXD2InK4gZow9o3DRoTpN/kslZwzUNpiRURqxey/RvWh8JQ=="],

    "@oxc-parser/binding-wasm32-wasi": ["@oxc-parser/binding-wasm32-wasi@0.94.0", "", { "dependencies": { "@napi-rs/wasm-runtime": "^1.0.6" }, "cpu": "none" }, "sha512-VoCtQZIsRZN8mszbdizh+5MwzbgbMxsPgT2hOzzILQLNY2o2OXG3xSiFNFakVhbWc9qSTaZ/MRDsqR+IM3fLFw=="],

    "@oxc-parser/binding-win32-arm64-msvc": ["@oxc-parser/binding-win32-arm64-msvc@0.94.0", "", { "os": "win32", "cpu": "arm64" }, "sha512-3wsbMqV8V7WaLdiQ2oawdgKkCgMHXJ7VDuo6uIcXauU3wK6CG0QyDXRV9bPWzorGLRBUHndu/2VB1+9dgT9fvg=="],

    "@oxc-parser/binding-win32-x64-msvc": ["@oxc-parser/binding-win32-x64-msvc@0.94.0", "", { "os": "win32", "cpu": "x64" }, "sha512-UTQQ1576Nzhh4jr/YmvzqnuwTPOauB/TPzsnWzT+w8InHxL5JA1fmy01wB1F2BWT9AD6YV4BTB1ozRICYdAgjw=="],

    "@oxc-project/types": ["@oxc-project/types@0.94.0", "", {}, "sha512-+UgQT/4o59cZfH6Cp7G0hwmqEQ0wE+AdIwhikdwnhWI9Dp8CgSY081+Q3O67/wq3VJu8mgUEB93J9EHHn70fOw=="],

    "@oxc-resolver/binding-android-arm-eabi": ["@oxc-resolver/binding-android-arm-eabi@11.7.1", "", { "os": "android", "cpu": "arm" }, "sha512-K0gF1mD6CYMAuX0dMWe6XW1Js00xCOBh/+ZAAJReQMa4+jmAk3bIeitsc8VnDthDbzOOKp3riizP3o/tBvNpgw=="],

    "@oxc-resolver/binding-android-arm64": ["@oxc-resolver/binding-android-arm64@11.7.1", "", { "os": "android", "cpu": "arm64" }, "sha512-O1XEX/KxKX7baPgYHahP+3vT+9f4gasPA0px4DYrjy1mN9wWQqJPLLo/PO3cBw3qI3qRaaiAGT3eJSs8rKu8mA=="],

    "@oxc-resolver/binding-darwin-arm64": ["@oxc-resolver/binding-darwin-arm64@11.7.1", "", { "os": "darwin", "cpu": "arm64" }, "sha512-OSCJlXUTvGoal5dTMkdacmXL2R3YQ+97R7NMSdjkUVnh3TxvGBhoF9OebqY3PR7w2gQaY5LX+Ju+dYeHGBCGgw=="],

    "@oxc-resolver/binding-darwin-x64": ["@oxc-resolver/binding-darwin-x64@11.7.1", "", { "os": "darwin", "cpu": "x64" }, "sha512-d0jKwK4r4Yw19xSijyt7wHZT77xh3v4GnJSbvEiPavLms27zqc//BqYJUSp9XgOTOkyFQ+oHno47JNiLTnsSnQ=="],

    "@oxc-resolver/binding-freebsd-x64": ["@oxc-resolver/binding-freebsd-x64@11.7.1", "", { "os": "freebsd", "cpu": "x64" }, "sha512-oNch5OpAnxFjukDZ5GJkuEDEPPYDirm10q2cJcbK0SETVM0rY+ou1cLqJAJC9R/dULbqGKC9fv2kuyuw9M6Fig=="],

    "@oxc-resolver/binding-linux-arm-gnueabihf": ["@oxc-resolver/binding-linux-arm-gnueabihf@11.7.1", "", { "os": "linux", "cpu": "arm" }, "sha512-ldUPUfV/0L56fTSfzUo86Bmgov8SAfau8Q4Y3WiAiQi6WHLA239abTZZViLZuXvrC+4RQF/kD0ySqKfBjW/X9g=="],

    "@oxc-resolver/binding-linux-arm-musleabihf": ["@oxc-resolver/binding-linux-arm-musleabihf@11.7.1", "", { "os": "linux", "cpu": "arm" }, "sha512-M+ORXlPV0dXCHleqOYLjKHwxn9kDmcJqnJ7zGZ07vggaxOCnpM6zqyGS92YTTyeYre2AqO3Xrx1D4rnUeozI8g=="],

    "@oxc-resolver/binding-linux-arm64-gnu": ["@oxc-resolver/binding-linux-arm64-gnu@11.7.1", "", { "os": "linux", "cpu": "arm64" }, "sha512-ukHZp9Vm07AlxqdOLFf8Bj4inzpt+ISbbODvwwHxX32GfcMLWYYJGAYWc13IGhWoElvWnI7D1M9ifDGyTNRGzg=="],

    "@oxc-resolver/binding-linux-arm64-musl": ["@oxc-resolver/binding-linux-arm64-musl@11.7.1", "", { "os": "linux", "cpu": "arm64" }, "sha512-atkZ1OIt6t90kjQz1iqq6cN3OpfPG5zUJlO64Vd1ieYeqHRkOFeRgnWEobTePUHi34NlYr7mNZqIaAg7gjPUFg=="],

    "@oxc-resolver/binding-linux-ppc64-gnu": ["@oxc-resolver/binding-linux-ppc64-gnu@11.7.1", "", { "os": "linux", "cpu": "ppc64" }, "sha512-HGgV4z3JwVF4Qvg2a1GhDnqn8mKLihy5Gp4rMfqNIAlERPSyIxo8oPQIL1XQKLYyyrkEEO99uwM+4cQGwhtbpQ=="],

    "@oxc-resolver/binding-linux-riscv64-gnu": ["@oxc-resolver/binding-linux-riscv64-gnu@11.7.1", "", { "os": "linux", "cpu": "none" }, "sha512-+vCO7iOR1s6VGefV02R2a702IASNWhSNm/MrR8RcWjKChmU0G+d1iC0oToUrGC4ovAEfstx2/O8EkROnfcLgrA=="],

    "@oxc-resolver/binding-linux-riscv64-musl": ["@oxc-resolver/binding-linux-riscv64-musl@11.7.1", "", { "os": "linux", "cpu": "none" }, "sha512-3folNmS5gYNFy/9HYzLcdeThqAGvDJU0gQKrhHn7RPWQa58yZ0ZPpBMk6KRSSO61+wkchkL+0sdcLsoe5wZW8g=="],

    "@oxc-resolver/binding-linux-s390x-gnu": ["@oxc-resolver/binding-linux-s390x-gnu@11.7.1", "", { "os": "linux", "cpu": "s390x" }, "sha512-Ceo4z6g8vqPUKADROFL0b7MoyXlUdOBYCxTDu/fhd/5I3Ydk2S6bxkjJdzpBdlu+h2Z+eS9lTHFvkwkaORMPzw=="],

    "@oxc-resolver/binding-linux-x64-gnu": ["@oxc-resolver/binding-linux-x64-gnu@11.7.1", "", { "os": "linux", "cpu": "x64" }, "sha512-QyFW5e43imQLxiBpCImhOiP4hY9coWGjroEm8elDqGNNaA7vXooaMQS2N3avMQawSaKhsb/3RemxaZ852XG38Q=="],

    "@oxc-resolver/binding-linux-x64-musl": ["@oxc-resolver/binding-linux-x64-musl@11.7.1", "", { "os": "linux", "cpu": "x64" }, "sha512-JhuCqCqktqQyQVc37V+eDiP3buCIuyCLpb92tUEyAP8nY3dy2b/ojMrH1ZNnJUlfY/67AqoZPL6nQGAB2WA3Sg=="],

    "@oxc-resolver/binding-wasm32-wasi": ["@oxc-resolver/binding-wasm32-wasi@11.7.1", "", { "dependencies": { "@napi-rs/wasm-runtime": "^1.0.3" }, "cpu": "none" }, "sha512-sMXm5Z2rfBwkCUespZBJCPhCVbgh/fpYQ23BQs0PmnvWoXrGQHWvnvg1p/GYmleN+nwe8strBjfutirZFiC5lA=="],

    "@oxc-resolver/binding-win32-arm64-msvc": ["@oxc-resolver/binding-win32-arm64-msvc@11.7.1", "", { "os": "win32", "cpu": "arm64" }, "sha512-C/Sam1RJi/h/F618IB/H3pCOhTf+2ArdTqrqQolN8ARV35iWTSezgy6qPjQGj7aWn/9M5vgtCInfS2SwnkBJ4w=="],

    "@oxc-resolver/binding-win32-ia32-msvc": ["@oxc-resolver/binding-win32-ia32-msvc@11.7.1", "", { "os": "win32", "cpu": "ia32" }, "sha512-iNRgJxOkfmxeq9DiF9S4jtw3vq5kkAm6dsP4RPxoAO/WsShPPHOSlTpOqyB8bSj5Bt9DBLRoI43XcNfDKgM+jA=="],

    "@oxc-resolver/binding-win32-x64-msvc": ["@oxc-resolver/binding-win32-x64-msvc@11.7.1", "", { "os": "win32", "cpu": "x64" }, "sha512-MXS81efp8pu2MkjEPu+nDhgoyHwdWUygXYSzIh3gV2A8/qF0PVEzH+EpmKR7Pl8dEZIaG1YXA+CO6bmNZT8oSw=="],

    "@tybys/wasm-util": ["@tybys/wasm-util@0.10.1", "", { "dependencies": { "tslib": "^2.4.0" } }, "sha512-9tTaPJLSiejZKx+Bmog4uSubteqTvFrVrURwkmHixBo0G4seD0zUxp98E1DzUBJxLQ3NPwXrGKDiVjwx/DpPsg=="],

    "@types/bun": ["@types/bun@1.3.1", "", { "dependencies": { "bun-types": "1.3.1" } }, "sha512-4jNMk2/K9YJtfqwoAa28c8wK+T7nvJFOjxI4h/7sORWcypRNxBpr+TPNaCfVWq70tLCJsqoFwcf0oI0JU/fvMQ=="],

    "@types/eslint": ["@types/eslint@9.6.1", "", { "dependencies": { "@types/estree": "*", "@types/json-schema": "*" } }, "sha512-FXx2pKgId/WyYo2jXw63kk7/+TY7u7AziEJxJAnSFzHlqTAS3Ync6SvgYAN/k4/PQpnnVuzoMuVnByKK2qp0ag=="],

    "@types/eslint-scope": ["@types/eslint-scope@8.3.2", "", { "dependencies": { "@types/eslint": "*", "@types/esrecurse": "*", "@types/estree": "*", "eslint-visitor-keys": "*" } }, "sha512-ygPtnKRQjbXB6LKQ+m6SLyZDMgFeQFVNCkjUK/HivS58Ce6JBjxpVzHbE1+RS6pC5fP4FQg4qh8lvVSm2oxYZw=="],

    "@types/esrecurse": ["@types/esrecurse@4.3.1", "", {}, "sha512-xJBAbDifo5hpffDBuHl0Y8ywswbiAp/Wi7Y/GtAgSlZyIABppyurxVueOPE8LUQOxdlgi6Zqce7uoEpqNTeiUw=="],

    "@types/estree": ["@types/estree@1.0.8", "", {}, "sha512-dWHzHa2WqEXI/O1E9OjrocMTKJl2mSrEolh1Iomrv6U+JuNwaHXsXx9bLu5gG7BUWFIN0skIQJQ/L1rIex4X6w=="],

    "@types/json-schema": ["@types/json-schema@7.0.15", "", {}, "sha512-5+fP8P8MFNC+AyZCDxrB2pkZFPGzqQWUzpSeuuVLvm8VMcorNYavBqoFcxK8bQz4Qsbn4oUEEem4wDLfcysGHA=="],

    "@types/node": ["@types/node@24.3.1", "", { "dependencies": { "undici-types": "~7.10.0" } }, "sha512-3vXmQDXy+woz+gnrTvuvNrPzekOi+Ds0ReMxw0LzBiK3a+1k0kQn9f2NWk+lgD4rJehFUmYy2gMhJ2ZI+7YP9g=="],

    "@types/react": ["@types/react@19.1.12", "", { "dependencies": { "csstype": "^3.0.2" } }, "sha512-cMoR+FoAf/Jyq6+Df2/Z41jISvGZZ2eTlnsaJRptmZ76Caldwy1odD4xTr/gNV9VLj0AWgg/nmkevIyUfIIq5w=="],

    "acorn": ["acorn@8.15.0", "", { "bin": { "acorn": "bin/acorn" } }, "sha512-NZyJarBfL7nWwIq+FDL6Zp/yHEhePMNnnJ0y3qfieCrmNvYct8uvtiV41UvlSe6apAfk0fY1FbWx+NwfmpvtTg=="],

    "bun-types": ["bun-types@1.3.1", "", { "dependencies": { "@types/node": "*" }, "peerDependencies": { "@types/react": "^19" } }, "sha512-NMrcy7smratanWJ2mMXdpatalovtxVggkj11bScuWuiOoXTiKIu2eVS1/7qbyI/4yHedtsn175n4Sm4JcdHLXw=="],

    "confbox": ["confbox@0.1.8", "", {}, "sha512-RMtmw0iFkeR4YV+fUOSucriAQNb9g8zFR52MWCtl+cCZOFRNL6zeB395vPzFhEjjn4fMxXudmELnl/KF/WrK6w=="],

    "csstype": ["csstype@3.1.3", "", {}, "sha512-M1uQkMl8rQK/szD0LNhtqxIPLpimGm8sOBwU7lLnCpSbTyY3yeU1Vc7l4KT5zT4s/yOxHH5O7tIuuLOCnLADRw=="],

    "eslint-scope": ["eslint-scope@8.4.0", "", { "dependencies": { "esrecurse": "^4.3.0", "estraverse": "^5.2.0" } }, "sha512-sNXOfKCn74rt8RICKMvJS7XKV/Xk9kA7DyJr8mJik3S7Cwgy3qlkkmyS2uQB3jiJg6VNdZd/pDBJu0nvG2NlTg=="],

    "eslint-visitor-keys": ["eslint-visitor-keys@4.2.1", "", {}, "sha512-Uhdk5sfqcee/9H/rCOJikYz67o0a2Tw2hGRPOG2Y1R2dg7brRe1uG0yaNQDHu+TO/uQPF/5eCapvYSmHUjt7JQ=="],

    "esrecurse": ["esrecurse@4.3.0", "", { "dependencies": { "estraverse": "^5.2.0" } }, "sha512-KmfKL3b6G+RXvP8N1vr3Tq1kL/oCFgn2NYXEtqP8/L3pKapUA4G8cFVaoF3SU323CD4XypR/ffioHmkti6/Tag=="],

    "estraverse": ["estraverse@5.3.0", "", {}, "sha512-MMdARuVEQziNTeJD8DgMqmhwR11BRQ/cBP+pLtYdSTnf3MIO8fFeiINEbX36ZdNlfU/7A9f3gUw49B3oQsvwBA=="],

    "estree-walker": ["estree-walker@3.0.3", "", { "dependencies": { "@types/estree": "^1.0.0" } }, "sha512-7RUKfXgSMMkzt6ZuXmqapOurLGPPfgj6l9uRZ7lRGolvk0y2yocc35LdcxKC5PQZdn2DMqioAQ2NoWcrTKmm6g=="],

    "magic-regexp": ["magic-regexp@0.10.0", "", { "dependencies": { "estree-walker": "^3.0.3", "magic-string": "^0.30.12", "mlly": "^1.7.2", "regexp-tree": "^0.1.27", "type-level-regexp": "~0.1.17", "ufo": "^1.5.4", "unplugin": "^2.0.0" } }, "sha512-Uly1Bu4lO1hwHUW0CQeSWuRtzCMNO00CmXtS8N6fyvB3B979GOEEeAkiTUDsmbYLAbvpUS/Kt5c4ibosAzVyVg=="],

    "magic-string": ["magic-string@0.30.19", "", { "dependencies": { "@jridgewell/sourcemap-codec": "^1.5.5" } }, "sha512-2N21sPY9Ws53PZvsEpVtNuSW+ScYbQdp4b9qUaL+9QkHUrGFKo56Lg9Emg5s9V/qrtNBmiR01sYhUOwu3H+VOw=="],

    "mlly": ["mlly@1.8.0", "", { "dependencies": { "acorn": "^8.15.0", "pathe": "^2.0.3", "pkg-types": "^1.3.1", "ufo": "^1.6.1" } }, "sha512-l8D9ODSRWLe2KHJSifWGwBqpTZXIXTeo8mlKjY+E2HAakaTeNpqAyBZ8GSqLzHgw4XmHmC8whvpjJNMbFZN7/g=="],

    "napi-postinstall": ["napi-postinstall@0.3.3", "", { "bin": { "napi-postinstall": "lib/cli.js" } }, "sha512-uTp172LLXSxuSYHv/kou+f6KW3SMppU9ivthaVTXian9sOt3XM/zHYHpRZiLgQoxeWfYUnslNWQHF1+G71xcow=="],

    "oxc-parser": ["oxc-parser@0.94.0", "", { "dependencies": { "@oxc-project/types": "^0.94.0" }, "optionalDependencies": { "@oxc-parser/binding-android-arm64": "0.94.0", "@oxc-parser/binding-darwin-arm64": "0.94.0", "@oxc-parser/binding-darwin-x64": "0.94.0", "@oxc-parser/binding-freebsd-x64": "0.94.0", "@oxc-parser/binding-linux-arm-gnueabihf": "0.94.0", "@oxc-parser/binding-linux-arm-musleabihf": "0.94.0", "@oxc-parser/binding-linux-arm64-gnu": "0.94.0", "@oxc-parser/binding-linux-arm64-musl": "0.94.0", "@oxc-parser/binding-linux-riscv64-gnu": "0.94.0", "@oxc-parser/binding-linux-s390x-gnu": "0.94.0", "@oxc-parser/binding-linux-x64-gnu": "0.94.0", "@oxc-parser/binding-linux-x64-musl": "0.94.0", "@oxc-parser/binding-wasm32-wasi": "0.94.0", "@oxc-parser/binding-win32-arm64-msvc": "0.94.0", "@oxc-parser/binding-win32-x64-msvc": "0.94.0" } }, "sha512-refms9HQoAlTYIazONYkuX5A3rFGPddbD6Otyc+A0/pj1WTttR8TsZRlMzQxCfhexxfrbinqd7ebkEoYNuCmLQ=="],

    "oxc-resolver": ["oxc-resolver@11.7.1", "", { "dependencies": { "napi-postinstall": "^0.3.0" }, "optionalDependencies": { "@oxc-resolver/binding-android-arm-eabi": "11.7.1", "@oxc-resolver/binding-android-arm64": "11.7.1", "@oxc-resolver/binding-darwin-arm64": "11.7.1", "@oxc-resolver/binding-darwin-x64": "11.7.1", "@oxc-resolver/binding-freebsd-x64": "11.7.1", "@oxc-resolver/binding-linux-arm-gnueabihf": "11.7.1", "@oxc-resolver/binding-linux-arm-musleabihf": "11.7.1", "@oxc-resolver/binding-linux-arm64-gnu": "11.7.1", "@oxc-resolver/binding-linux-arm64-musl": "11.7.1", "@oxc-resolver/binding-linux-ppc64-gnu": "11.7.1", "@oxc-resolver/binding-linux-riscv64-gnu": "11.7.1", "@oxc-resolver/binding-linux-riscv64-musl": "11.7.1", "@oxc-resolver/binding-linux-s390x-gnu": "11.7.1", "@oxc-resolver/binding-linux-x64-gnu": "11.7.1", "@oxc-resolver/binding-linux-x64-musl": "11.7.1", "@oxc-resolver/binding-wasm32-wasi": "11.7.1", "@oxc-resolver/binding-win32-arm64-msvc": "11.7.1", "@oxc-resolver/binding-win32-ia32-msvc": "11.7.1", "@oxc-resolver/binding-win32-x64-msvc": "11.7.1" } }, "sha512-PzbEnD6NKTCFVKkUZtmQcX69ajdfM33RqI5kyb8mH9EdIqEUS00cWSXN0lsgYrtdTMzwo0EKKoH7hnGg6EDraQ=="],

    "oxc-walker": ["oxc-walker@0.5.1", "", { "dependencies": { "magic-regexp": "^0.10.0" }, "peerDependencies": { "oxc-parser": ">=0.72.0" } }, "sha512-/CYTHZGGRynzFlBH3/OuNeo9ydonmDQewZL3F57BOXtcoZ8ow8bW362Aq00Z7yaSpXar0O95/A3YGOEd7rKITg=="],

    "pathe": ["pathe@2.0.3", "", {}, "sha512-WUjGcAqP1gQacoQe+OBJsFA7Ld4DyXuUIjZ5cc75cLHvJ7dtNsTugphxIADwspS+AraAUePCKrSVtPLFj/F88w=="],

    "picocolors": ["picocolors@1.1.1", "", {}, "sha512-xceH2snhtb5M9liqDsmEw56le376mTZkEX/jEb/RxNFyegNul7eNslCXP9FDj/Lcu0X8KEyMceP2ntpaHrDEVA=="],

    "picomatch": ["picomatch@4.0.3", "", {}, "sha512-5gTmgEY/sqK6gFXLIsQNH19lWb4ebPDLA4SdLP7dsWkIXHWlG66oPuVvXSGFPppYZz8ZDZq0dYYrbHfBCVUb1Q=="],

    "pkg-types": ["pkg-types@1.3.1", "", { "dependencies": { "confbox": "^0.1.8", "mlly": "^1.7.4", "pathe": "^2.0.1" } }, "sha512-/Jm5M4RvtBFVkKWRu2BLUTNP8/M2a+UwuAX+ae4770q1qVGtfjG+WTCupoZixokjmHiry8uI+dlY8KXYV5HVVQ=="],

    "regexp-tree": ["regexp-tree@0.1.27", "", { "bin": { "regexp-tree": "bin/regexp-tree" } }, "sha512-iETxpjK6YoRWJG5o6hXLwvjYAoW+FEZn9os0PD/b6AP6xQwsa/Y7lCVgIixBbUPMfhu+i2LtdeAqVTgGlQarfA=="],

    "simple": ["simple@workspace:packages/examples/simple"],

    "traits-js": ["traits-js@workspace:packages/traits-js"],

    "tslib": ["tslib@2.8.1", "", {}, "sha512-oJFu94HQb+KVduSUQL7wnpmqnfmLsOA/nAh6b6EH0wCEoK0/mPeXU6c3wKDV83MkOuHPRHtSXKKU99IBazS/2w=="],

    "type-level-regexp": ["type-level-regexp@0.1.17", "", {}, "sha512-wTk4DH3cxwk196uGLK/E9pE45aLfeKJacKmcEgEOA/q5dnPGNxXt0cfYdFxb57L+sEpf1oJH4Dnx/pnRcku9jg=="],

    "typescript": ["typescript@5.9.3", "", { "bin": { "tsc": "bin/tsc", "tsserver": "bin/tsserver" } }, "sha512-jl1vZzPDinLr9eUt3J/t7V6FgNEw9QjvBPdysz9KfQDD41fQrC2Y4vKQdiaUpFT4bXlb1RHhLpp8wtm6M5TgSw=="],

    "ufo": ["ufo@1.6.1", "", {}, "sha512-9a4/uxlTWJ4+a5i0ooc1rU7C7YOw3wT+UGqdeNNHWnOF9qcMBgLRS+4IYUqbczewFx4mLEig6gawh7X6mFlEkA=="],

    "undici-types": ["undici-types@7.10.0", "", {}, "sha512-t5Fy/nfn+14LuOc2KNYg75vZqClpAiqscVvMygNnlsHBFpSXdJaYtXMcdNLpl/Qvc3P2cB3s6lOV51nqsFq4ag=="],

    "unplugin": ["unplugin@2.3.10", "", { "dependencies": { "@jridgewell/remapping": "^2.3.5", "acorn": "^8.15.0", "picomatch": "^4.0.3", "webpack-virtual-modules": "^0.6.2" } }, "sha512-6NCPkv1ClwH+/BGE9QeoTIl09nuiAt0gS28nn1PvYXsGKRwM2TCbFA2QiilmehPDTXIe684k4rZI1yl3A1PCUw=="],

    "webpack-virtual-modules": ["webpack-virtual-modules@0.6.2", "", {}, "sha512-66/V2i5hQanC51vBQKPH4aI8NMAcBW59FVBs+rC7eGHupMyfn34q7rZIE+ETlJ+XTevqfUhVVBgSUNSW2flEUQ=="],

    "@oxc-resolver/binding-wasm32-wasi/@napi-rs/wasm-runtime": ["@napi-rs/wasm-runtime@1.0.3", "", { "dependencies": { "@emnapi/core": "^1.4.5", "@emnapi/runtime": "^1.4.5", "@tybys/wasm-util": "^0.10.0" } }, "sha512-rZxtMsLwjdXkMUGC3WwsPwLNVqVqnTJT6MNIB6e+5fhMcSCPP0AOsNWuMQ5mdCq6HNjs/ZeWAEchpqeprqBD2Q=="],

    "@oxc-resolver/binding-wasm32-wasi/@napi-rs/wasm-runtime/@tybys/wasm-util": ["@tybys/wasm-util@0.10.0", "", { "dependencies": { "tslib": "^2.4.0" } }, "sha512-VyyPYFlOMNylG45GoAe0xDoLwWuowvf92F9kySqzYh8vmYm7D2u4iUJKa1tOUpS70Ku13ASrOkS4ScXFsTaCNQ=="],
  }
}
