{
  "lockfileVersion": 1,
  "workspaces": {
    "": {
      "name": "traits-js",
      "dependencies": {
        "picocolors": "^1.1.1",
      },
      "peerDependencies": {
        "typescript": "latest",
      },
    },
    "packages/examples/simple": {
      "name": "simple",
      "devDependencies": {
        "@types/bun": "latest",
        "traits-js": "workspace:*",
      },
      "peerDependencies": {
        "typescript": "^5",
      },
    },
    "packages/traits-js": {
      "name": "traits-js",
      "version": "0.1.0",
      "bin": {
        "traits": "src/bin/traits.bin.ts",
      },
      "dependencies": {
        "oxc-parser": "^0.87.0",
        "oxc-resolver": "^11.7.1",
        "oxc-walker": "^0.5.1",
        "picocolors": "^1.1.1",
      },
      "devDependencies": {
        "@types/bun": "latest",
      },
      "peerDependencies": {
        "typescript": "latest",
      },
    },
  },
  "trustedDependencies": [
    "oxc-resolver",
  ],
  "packages": {
    "@emnapi/core": ["@emnapi/core@1.5.0", "", { "dependencies": { "@emnapi/wasi-threads": "1.1.0", "tslib": "^2.4.0" } }, "sha512-sbP8GzB1WDzacS8fgNPpHlp6C9VZe+SJP3F90W9rLemaQj2PzIuTEl1qDOYQf58YIpyjViI24y9aPWCjEzY2cg=="],

    "@emnapi/runtime": ["@emnapi/runtime@1.5.0", "", { "dependencies": { "tslib": "^2.4.0" } }, "sha512-97/BJ3iXHww3djw6hYIfErCZFee7qCtrneuLa20UXFCOTCfBM2cvQHjWJ2EG0s0MtdNwInarqCTz35i4wWXHsQ=="],

    "@emnapi/wasi-threads": ["@emnapi/wasi-threads@1.1.0", "", { "dependencies": { "tslib": "^2.4.0" } }, "sha512-WI0DdZ8xFSbgMjR1sFsKABJ/C5OnRrjT06JXbZKexJGrDuPTzZdDYfFlsgcCXCyf+suG5QU2e/y1Wo2V/OapLQ=="],

    "@jridgewell/gen-mapping": ["@jridgewell/gen-mapping@0.3.13", "", { "dependencies": { "@jridgewell/sourcemap-codec": "^1.5.0", "@jridgewell/trace-mapping": "^0.3.24" } }, "sha512-2kkt/7niJ6MgEPxF0bYdQ6etZaA+fQvDcLKckhy1yIQOzaoKjBBjSj63/aLVjYE3qhRt5dvM+uUyfCg6UKCBbA=="],

    "@jridgewell/remapping": ["@jridgewell/remapping@2.3.5", "", { "dependencies": { "@jridgewell/gen-mapping": "^0.3.5", "@jridgewell/trace-mapping": "^0.3.24" } }, "sha512-LI9u/+laYG4Ds1TDKSJW2YPrIlcVYOwi2fUC6xB43lueCjgxV4lffOCZCtYFiH6TNOX+tQKXx97T4IKHbhyHEQ=="],

    "@jridgewell/resolve-uri": ["@jridgewell/resolve-uri@3.1.2", "", {}, "sha512-bRISgCIjP20/tbWSPWMEi54QVPRZExkuD9lJL+UIxUKtwVJA8wW1Trb1jMs1RFXo1CBTNZ/5hpC9QvmKWdopKw=="],

    "@jridgewell/sourcemap-codec": ["@jridgewell/sourcemap-codec@1.5.5", "", {}, "sha512-cYQ9310grqxueWbl+WuIUIaiUaDcj7WOq5fVhEljNVgRfOUhY9fy2zTvfoqWsnebh8Sl70VScFbICvJnLKB0Og=="],

    "@jridgewell/trace-mapping": ["@jridgewell/trace-mapping@0.3.30", "", { "dependencies": { "@jridgewell/resolve-uri": "^3.1.0", "@jridgewell/sourcemap-codec": "^1.4.14" } }, "sha512-GQ7Nw5G2lTu/BtHTKfXhKHok2WGetd4XYcVKGx00SjAk8GMwgJM3zr6zORiPGuOE+/vkc90KtTosSSvaCjKb2Q=="],

    "@napi-rs/wasm-runtime": ["@napi-rs/wasm-runtime@1.0.3", "", { "dependencies": { "@emnapi/core": "^1.4.5", "@emnapi/runtime": "^1.4.5", "@tybys/wasm-util": "^0.10.0" } }, "sha512-rZxtMsLwjdXkMUGC3WwsPwLNVqVqnTJT6MNIB6e+5fhMcSCPP0AOsNWuMQ5mdCq6HNjs/ZeWAEchpqeprqBD2Q=="],

    "@oxc-parser/binding-android-arm64": ["@oxc-parser/binding-android-arm64@0.87.0", "", { "os": "android", "cpu": "arm64" }, "sha512-3APxTyYaAjpW5zifjzfsPgoIa4YHwA5GBjtgLRQpGVXCykXBIEbUTokoAs411ZuOwS3sdTVXBTGAdziXRd8rUg=="],

    "@oxc-parser/binding-darwin-arm64": ["@oxc-parser/binding-darwin-arm64@0.87.0", "", { "os": "darwin", "cpu": "arm64" }, "sha512-99e8E76M+k3Gtwvs5EU3VTs2hQkJmvnrl/eu7HkBUc9jLFHA4nVjYSgukMuqahWe270udUYEPRfcWKmoE1Nukg=="],

    "@oxc-parser/binding-darwin-x64": ["@oxc-parser/binding-darwin-x64@0.87.0", "", { "os": "darwin", "cpu": "x64" }, "sha512-2rRo6Dz560/4ot5Q0KPUTEunEObkP8mDC9mMiH0RJk1FiOb9c+xpPbkYoUHNKuVMm8uIoiBCxIAbPtBhs9QaXQ=="],

    "@oxc-parser/binding-freebsd-x64": ["@oxc-parser/binding-freebsd-x64@0.87.0", "", { "os": "freebsd", "cpu": "x64" }, "sha512-uR+WZAvWkFQPVoeqXgQFr7iy+3hEI295qTbQ4ujmklgM5eTX3YgMFoIV00Stloxfd1irSDDSaK7ySnnzF6mRJg=="],

    "@oxc-parser/binding-linux-arm-gnueabihf": ["@oxc-parser/binding-linux-arm-gnueabihf@0.87.0", "", { "os": "linux", "cpu": "arm" }, "sha512-Emm1NpVGKbwzQOIZJI8ZuZu0z8FAd5xscqdS6qpDFpDdEMxk6ab7o3nM8V09RhNCORAzeUlk4TBHQ2Crzjd50A=="],

    "@oxc-parser/binding-linux-arm-musleabihf": ["@oxc-parser/binding-linux-arm-musleabihf@0.87.0", "", { "os": "linux", "cpu": "arm" }, "sha512-1PPCxRZSJXzQaqc8y+wH7EqPgSfQ/JU3pK6WTN/1SUe/8paNVSKKqk175a8BbRVxGUtPnwEG89pi+xfPTSE7GA=="],

    "@oxc-parser/binding-linux-arm64-gnu": ["@oxc-parser/binding-linux-arm64-gnu@0.87.0", "", { "os": "linux", "cpu": "arm64" }, "sha512-fcnnsfcyLamJOMVKq+BQ8dasb8gRnZtNpCUfZhaEFAdXQ7J2RmZreFzlygcn80iti0V7c5LejcjHbF4IdK3GAw=="],

    "@oxc-parser/binding-linux-arm64-musl": ["@oxc-parser/binding-linux-arm64-musl@0.87.0", "", { "os": "linux", "cpu": "arm64" }, "sha512-tBPkSPgRSSbmrje8CUovISi/Hj/tWjZJ3n/qnrjx2B+u86hWtwLsngtPDQa5d4seSyDaHSx6tNEUcH7+g5Ee0Q=="],

    "@oxc-parser/binding-linux-riscv64-gnu": ["@oxc-parser/binding-linux-riscv64-gnu@0.87.0", "", { "os": "linux", "cpu": "none" }, "sha512-z4UKGM4wv2wEAQAlx2pBq6+pDJw5J/5oDEXqW6yBSLbWLjLDo4oagmRSE3+giOWteUa+0FVJ+ypq4iYxBkYSWg=="],

    "@oxc-parser/binding-linux-s390x-gnu": ["@oxc-parser/binding-linux-s390x-gnu@0.87.0", "", { "os": "linux", "cpu": "s390x" }, "sha512-6W1ENe/nZtr2TBnrEzmdGEraEAdZOiH3YoUNNeQWuqwLkmpoHTJJdclieToPe/l2IKJ4WL3FsSLSGHE8yt/OEg=="],

    "@oxc-parser/binding-linux-x64-gnu": ["@oxc-parser/binding-linux-x64-gnu@0.87.0", "", { "os": "linux", "cpu": "x64" }, "sha512-s3kB/Ii3X3IOZ27Iu7wx2zYkIcDO22Emu32SNC6kkUSy09dPBc1yaW14TnAkPMe/rvtuzR512JPWj3iGpl+Dng=="],

    "@oxc-parser/binding-linux-x64-musl": ["@oxc-parser/binding-linux-x64-musl@0.87.0", "", { "os": "linux", "cpu": "x64" }, "sha512-3+M9hfrZSDi4+Uy4Ll3rtOuVG3IHDQlj027jgtmAAHJK1eqp4CQfC7rrwE+LFUqUwX+KD2GwlxR+eHyyEf5Gbg=="],

    "@oxc-parser/binding-wasm32-wasi": ["@oxc-parser/binding-wasm32-wasi@0.87.0", "", { "dependencies": { "@napi-rs/wasm-runtime": "^1.0.3" }, "cpu": "none" }, "sha512-2jgeEeOa4GbQQg2Et/gFTgs5wKS/+CxIg+CN2mMOJ4EqbmvUVeGiumO01oFOWTYnJy1oONwIocBzrnMuvOcItA=="],

    "@oxc-parser/binding-win32-arm64-msvc": ["@oxc-parser/binding-win32-arm64-msvc@0.87.0", "", { "os": "win32", "cpu": "arm64" }, "sha512-KZp9poaBaVvuFM0TrsHCDOjPQK5eMDXblz21boMhKHGW5/bOlkMlg3CYn5j0f67FkK68NSdNKREMxmibBeXllQ=="],

    "@oxc-parser/binding-win32-x64-msvc": ["@oxc-parser/binding-win32-x64-msvc@0.87.0", "", { "os": "win32", "cpu": "x64" }, "sha512-86uisngtp/8XdcerIKxMyJTqgDSTJatkfpylpUH0d96W8Bb9E+bVvM2fIIhLWB0Eb03PeY2BdIT7DNIln9TnHg=="],

    "@oxc-project/types": ["@oxc-project/types@0.87.0", "", {}, "sha512-ipZFWVGE9fADBVXXWJWY/cxpysc41Gt5upKDeb32F6WMgFyO7XETUMVq8UuREKCih+Km5E6p2VhEvf6Fuhey6g=="],

    "@oxc-resolver/binding-android-arm-eabi": ["@oxc-resolver/binding-android-arm-eabi@11.7.1", "", { "os": "android", "cpu": "arm" }, "sha512-K0gF1mD6CYMAuX0dMWe6XW1Js00xCOBh/+ZAAJReQMa4+jmAk3bIeitsc8VnDthDbzOOKp3riizP3o/tBvNpgw=="],

    "@oxc-resolver/binding-android-arm64": ["@oxc-resolver/binding-android-arm64@11.7.1", "", { "os": "android", "cpu": "arm64" }, "sha512-O1XEX/KxKX7baPgYHahP+3vT+9f4gasPA0px4DYrjy1mN9wWQqJPLLo/PO3cBw3qI3qRaaiAGT3eJSs8rKu8mA=="],

    "@oxc-resolver/binding-darwin-arm64": ["@oxc-resolver/binding-darwin-arm64@11.7.1", "", { "os": "darwin", "cpu": "arm64" }, "sha512-OSCJlXUTvGoal5dTMkdacmXL2R3YQ+97R7NMSdjkUVnh3TxvGBhoF9OebqY3PR7w2gQaY5LX+Ju+dYeHGBCGgw=="],

    "@oxc-resolver/binding-darwin-x64": ["@oxc-resolver/binding-darwin-x64@11.7.1", "", { "os": "darwin", "cpu": "x64" }, "sha512-d0jKwK4r4Yw19xSijyt7wHZT77xh3v4GnJSbvEiPavLms27zqc//BqYJUSp9XgOTOkyFQ+oHno47JNiLTnsSnQ=="],

    "@oxc-resolver/binding-freebsd-x64": ["@oxc-resolver/binding-freebsd-x64@11.7.1", "", { "os": "freebsd", "cpu": "x64" }, "sha512-oNch5OpAnxFjukDZ5GJkuEDEPPYDirm10q2cJcbK0SETVM0rY+ou1cLqJAJC9R/dULbqGKC9fv2kuyuw9M6Fig=="],

    "@oxc-resolver/binding-linux-arm-gnueabihf": ["@oxc-resolver/binding-linux-arm-gnueabihf@11.7.1", "", { "os": "linux", "cpu": "arm" }, "sha512-ldUPUfV/0L56fTSfzUo86Bmgov8SAfau8Q4Y3WiAiQi6WHLA239abTZZViLZuXvrC+4RQF/kD0ySqKfBjW/X9g=="],

    "@oxc-resolver/binding-linux-arm-musleabihf": ["@oxc-resolver/binding-linux-arm-musleabihf@11.7.1", "", { "os": "linux", "cpu": "arm" }, "sha512-M+ORXlPV0dXCHleqOYLjKHwxn9kDmcJqnJ7zGZ07vggaxOCnpM6zqyGS92YTTyeYre2AqO3Xrx1D4rnUeozI8g=="],

    "@oxc-resolver/binding-linux-arm64-gnu": ["@oxc-resolver/binding-linux-arm64-gnu@11.7.1", "", { "os": "linux", "cpu": "arm64" }, "sha512-ukHZp9Vm07AlxqdOLFf8Bj4inzpt+ISbbODvwwHxX32GfcMLWYYJGAYWc13IGhWoElvWnI7D1M9ifDGyTNRGzg=="],

    "@oxc-resolver/binding-linux-arm64-musl": ["@oxc-resolver/binding-linux-arm64-musl@11.7.1", "", { "os": "linux", "cpu": "arm64" }, "sha512-atkZ1OIt6t90kjQz1iqq6cN3OpfPG5zUJlO64Vd1ieYeqHRkOFeRgnWEobTePUHi34NlYr7mNZqIaAg7gjPUFg=="],

    "@oxc-resolver/binding-linux-ppc64-gnu": ["@oxc-resolver/binding-linux-ppc64-gnu@11.7.1", "", { "os": "linux", "cpu": "ppc64" }, "sha512-HGgV4z3JwVF4Qvg2a1GhDnqn8mKLihy5Gp4rMfqNIAlERPSyIxo8oPQIL1XQKLYyyrkEEO99uwM+4cQGwhtbpQ=="],

    "@oxc-resolver/binding-linux-riscv64-gnu": ["@oxc-resolver/binding-linux-riscv64-gnu@11.7.1", "", { "os": "linux", "cpu": "none" }, "sha512-+vCO7iOR1s6VGefV02R2a702IASNWhSNm/MrR8RcWjKChmU0G+d1iC0oToUrGC4ovAEfstx2/O8EkROnfcLgrA=="],

    "@oxc-resolver/binding-linux-riscv64-musl": ["@oxc-resolver/binding-linux-riscv64-musl@11.7.1", "", { "os": "linux", "cpu": "none" }, "sha512-3folNmS5gYNFy/9HYzLcdeThqAGvDJU0gQKrhHn7RPWQa58yZ0ZPpBMk6KRSSO61+wkchkL+0sdcLsoe5wZW8g=="],

    "@oxc-resolver/binding-linux-s390x-gnu": ["@oxc-resolver/binding-linux-s390x-gnu@11.7.1", "", { "os": "linux", "cpu": "s390x" }, "sha512-Ceo4z6g8vqPUKADROFL0b7MoyXlUdOBYCxTDu/fhd/5I3Ydk2S6bxkjJdzpBdlu+h2Z+eS9lTHFvkwkaORMPzw=="],

    "@oxc-resolver/binding-linux-x64-gnu": ["@oxc-resolver/binding-linux-x64-gnu@11.7.1", "", { "os": "linux", "cpu": "x64" }, "sha512-QyFW5e43imQLxiBpCImhOiP4hY9coWGjroEm8elDqGNNaA7vXooaMQS2N3avMQawSaKhsb/3RemxaZ852XG38Q=="],

    "@oxc-resolver/binding-linux-x64-musl": ["@oxc-resolver/binding-linux-x64-musl@11.7.1", "", { "os": "linux", "cpu": "x64" }, "sha512-JhuCqCqktqQyQVc37V+eDiP3buCIuyCLpb92tUEyAP8nY3dy2b/ojMrH1ZNnJUlfY/67AqoZPL6nQGAB2WA3Sg=="],

    "@oxc-resolver/binding-wasm32-wasi": ["@oxc-resolver/binding-wasm32-wasi@11.7.1", "", { "dependencies": { "@napi-rs/wasm-runtime": "^1.0.3" }, "cpu": "none" }, "sha512-sMXm5Z2rfBwkCUespZBJCPhCVbgh/fpYQ23BQs0PmnvWoXrGQHWvnvg1p/GYmleN+nwe8strBjfutirZFiC5lA=="],

    "@oxc-resolver/binding-win32-arm64-msvc": ["@oxc-resolver/binding-win32-arm64-msvc@11.7.1", "", { "os": "win32", "cpu": "arm64" }, "sha512-C/Sam1RJi/h/F618IB/H3pCOhTf+2ArdTqrqQolN8ARV35iWTSezgy6qPjQGj7aWn/9M5vgtCInfS2SwnkBJ4w=="],

    "@oxc-resolver/binding-win32-ia32-msvc": ["@oxc-resolver/binding-win32-ia32-msvc@11.7.1", "", { "os": "win32", "cpu": "ia32" }, "sha512-iNRgJxOkfmxeq9DiF9S4jtw3vq5kkAm6dsP4RPxoAO/WsShPPHOSlTpOqyB8bSj5Bt9DBLRoI43XcNfDKgM+jA=="],

    "@oxc-resolver/binding-win32-x64-msvc": ["@oxc-resolver/binding-win32-x64-msvc@11.7.1", "", { "os": "win32", "cpu": "x64" }, "sha512-MXS81efp8pu2MkjEPu+nDhgoyHwdWUygXYSzIh3gV2A8/qF0PVEzH+EpmKR7Pl8dEZIaG1YXA+CO6bmNZT8oSw=="],

    "@tybys/wasm-util": ["@tybys/wasm-util@0.10.0", "", { "dependencies": { "tslib": "^2.4.0" } }, "sha512-VyyPYFlOMNylG45GoAe0xDoLwWuowvf92F9kySqzYh8vmYm7D2u4iUJKa1tOUpS70Ku13ASrOkS4ScXFsTaCNQ=="],

    "@types/bun": ["@types/bun@1.2.22", "", { "dependencies": { "bun-types": "1.2.22" } }, "sha512-5A/KrKos2ZcN0c6ljRSOa1fYIyCKhZfIVYeuyb4snnvomnpFqC0tTsEkdqNxbAgExV384OETQ//WAjl3XbYqQA=="],

    "@types/estree": ["@types/estree@1.0.8", "", {}, "sha512-dWHzHa2WqEXI/O1E9OjrocMTKJl2mSrEolh1Iomrv6U+JuNwaHXsXx9bLu5gG7BUWFIN0skIQJQ/L1rIex4X6w=="],

    "@types/node": ["@types/node@24.3.1", "", { "dependencies": { "undici-types": "~7.10.0" } }, "sha512-3vXmQDXy+woz+gnrTvuvNrPzekOi+Ds0ReMxw0LzBiK3a+1k0kQn9f2NWk+lgD4rJehFUmYy2gMhJ2ZI+7YP9g=="],

    "@types/react": ["@types/react@19.1.12", "", { "dependencies": { "csstype": "^3.0.2" } }, "sha512-cMoR+FoAf/Jyq6+Df2/Z41jISvGZZ2eTlnsaJRptmZ76Caldwy1odD4xTr/gNV9VLj0AWgg/nmkevIyUfIIq5w=="],

    "acorn": ["acorn@8.15.0", "", { "bin": { "acorn": "bin/acorn" } }, "sha512-NZyJarBfL7nWwIq+FDL6Zp/yHEhePMNnnJ0y3qfieCrmNvYct8uvtiV41UvlSe6apAfk0fY1FbWx+NwfmpvtTg=="],

    "bun-types": ["bun-types@1.2.22", "", { "dependencies": { "@types/node": "*" }, "peerDependencies": { "@types/react": "^19" } }, "sha512-hwaAu8tct/Zn6Zft4U9BsZcXkYomzpHJX28ofvx7k0Zz2HNz54n1n+tDgxoWFGB4PcFvJXJQloPhaV2eP3Q6EA=="],

    "confbox": ["confbox@0.1.8", "", {}, "sha512-RMtmw0iFkeR4YV+fUOSucriAQNb9g8zFR52MWCtl+cCZOFRNL6zeB395vPzFhEjjn4fMxXudmELnl/KF/WrK6w=="],

    "csstype": ["csstype@3.1.3", "", {}, "sha512-M1uQkMl8rQK/szD0LNhtqxIPLpimGm8sOBwU7lLnCpSbTyY3yeU1Vc7l4KT5zT4s/yOxHH5O7tIuuLOCnLADRw=="],

    "estree-walker": ["estree-walker@3.0.3", "", { "dependencies": { "@types/estree": "^1.0.0" } }, "sha512-7RUKfXgSMMkzt6ZuXmqapOurLGPPfgj6l9uRZ7lRGolvk0y2yocc35LdcxKC5PQZdn2DMqioAQ2NoWcrTKmm6g=="],

    "magic-regexp": ["magic-regexp@0.10.0", "", { "dependencies": { "estree-walker": "^3.0.3", "magic-string": "^0.30.12", "mlly": "^1.7.2", "regexp-tree": "^0.1.27", "type-level-regexp": "~0.1.17", "ufo": "^1.5.4", "unplugin": "^2.0.0" } }, "sha512-Uly1Bu4lO1hwHUW0CQeSWuRtzCMNO00CmXtS8N6fyvB3B979GOEEeAkiTUDsmbYLAbvpUS/Kt5c4ibosAzVyVg=="],

    "magic-string": ["magic-string@0.30.19", "", { "dependencies": { "@jridgewell/sourcemap-codec": "^1.5.5" } }, "sha512-2N21sPY9Ws53PZvsEpVtNuSW+ScYbQdp4b9qUaL+9QkHUrGFKo56Lg9Emg5s9V/qrtNBmiR01sYhUOwu3H+VOw=="],

    "mlly": ["mlly@1.8.0", "", { "dependencies": { "acorn": "^8.15.0", "pathe": "^2.0.3", "pkg-types": "^1.3.1", "ufo": "^1.6.1" } }, "sha512-l8D9ODSRWLe2KHJSifWGwBqpTZXIXTeo8mlKjY+E2HAakaTeNpqAyBZ8GSqLzHgw4XmHmC8whvpjJNMbFZN7/g=="],

    "napi-postinstall": ["napi-postinstall@0.3.3", "", { "bin": { "napi-postinstall": "lib/cli.js" } }, "sha512-uTp172LLXSxuSYHv/kou+f6KW3SMppU9ivthaVTXian9sOt3XM/zHYHpRZiLgQoxeWfYUnslNWQHF1+G71xcow=="],

    "oxc-parser": ["oxc-parser@0.87.0", "", { "dependencies": { "@oxc-project/types": "^0.87.0" }, "optionalDependencies": { "@oxc-parser/binding-android-arm64": "0.87.0", "@oxc-parser/binding-darwin-arm64": "0.87.0", "@oxc-parser/binding-darwin-x64": "0.87.0", "@oxc-parser/binding-freebsd-x64": "0.87.0", "@oxc-parser/binding-linux-arm-gnueabihf": "0.87.0", "@oxc-parser/binding-linux-arm-musleabihf": "0.87.0", "@oxc-parser/binding-linux-arm64-gnu": "0.87.0", "@oxc-parser/binding-linux-arm64-musl": "0.87.0", "@oxc-parser/binding-linux-riscv64-gnu": "0.87.0", "@oxc-parser/binding-linux-s390x-gnu": "0.87.0", "@oxc-parser/binding-linux-x64-gnu": "0.87.0", "@oxc-parser/binding-linux-x64-musl": "0.87.0", "@oxc-parser/binding-wasm32-wasi": "0.87.0", "@oxc-parser/binding-win32-arm64-msvc": "0.87.0", "@oxc-parser/binding-win32-x64-msvc": "0.87.0" } }, "sha512-uc47XrtHwkBoES4HFgwgfH9sqwAtJXgAIBq4fFBMZ4hWmgVZoExyn+L4g4VuaecVKXkz1bvlaHcfwHAJPQb5Gw=="],

    "oxc-resolver": ["oxc-resolver@11.7.1", "", { "dependencies": { "napi-postinstall": "^0.3.0" }, "optionalDependencies": { "@oxc-resolver/binding-android-arm-eabi": "11.7.1", "@oxc-resolver/binding-android-arm64": "11.7.1", "@oxc-resolver/binding-darwin-arm64": "11.7.1", "@oxc-resolver/binding-darwin-x64": "11.7.1", "@oxc-resolver/binding-freebsd-x64": "11.7.1", "@oxc-resolver/binding-linux-arm-gnueabihf": "11.7.1", "@oxc-resolver/binding-linux-arm-musleabihf": "11.7.1", "@oxc-resolver/binding-linux-arm64-gnu": "11.7.1", "@oxc-resolver/binding-linux-arm64-musl": "11.7.1", "@oxc-resolver/binding-linux-ppc64-gnu": "11.7.1", "@oxc-resolver/binding-linux-riscv64-gnu": "11.7.1", "@oxc-resolver/binding-linux-riscv64-musl": "11.7.1", "@oxc-resolver/binding-linux-s390x-gnu": "11.7.1", "@oxc-resolver/binding-linux-x64-gnu": "11.7.1", "@oxc-resolver/binding-linux-x64-musl": "11.7.1", "@oxc-resolver/binding-wasm32-wasi": "11.7.1", "@oxc-resolver/binding-win32-arm64-msvc": "11.7.1", "@oxc-resolver/binding-win32-ia32-msvc": "11.7.1", "@oxc-resolver/binding-win32-x64-msvc": "11.7.1" } }, "sha512-PzbEnD6NKTCFVKkUZtmQcX69ajdfM33RqI5kyb8mH9EdIqEUS00cWSXN0lsgYrtdTMzwo0EKKoH7hnGg6EDraQ=="],

    "oxc-walker": ["oxc-walker@0.5.1", "", { "dependencies": { "magic-regexp": "^0.10.0" }, "peerDependencies": { "oxc-parser": ">=0.72.0" } }, "sha512-/CYTHZGGRynzFlBH3/OuNeo9ydonmDQewZL3F57BOXtcoZ8ow8bW362Aq00Z7yaSpXar0O95/A3YGOEd7rKITg=="],

    "pathe": ["pathe@2.0.3", "", {}, "sha512-WUjGcAqP1gQacoQe+OBJsFA7Ld4DyXuUIjZ5cc75cLHvJ7dtNsTugphxIADwspS+AraAUePCKrSVtPLFj/F88w=="],

    "picocolors": ["picocolors@1.1.1", "", {}, "sha512-xceH2snhtb5M9liqDsmEw56le376mTZkEX/jEb/RxNFyegNul7eNslCXP9FDj/Lcu0X8KEyMceP2ntpaHrDEVA=="],

    "picomatch": ["picomatch@4.0.3", "", {}, "sha512-5gTmgEY/sqK6gFXLIsQNH19lWb4ebPDLA4SdLP7dsWkIXHWlG66oPuVvXSGFPppYZz8ZDZq0dYYrbHfBCVUb1Q=="],

    "pkg-types": ["pkg-types@1.3.1", "", { "dependencies": { "confbox": "^0.1.8", "mlly": "^1.7.4", "pathe": "^2.0.1" } }, "sha512-/Jm5M4RvtBFVkKWRu2BLUTNP8/M2a+UwuAX+ae4770q1qVGtfjG+WTCupoZixokjmHiry8uI+dlY8KXYV5HVVQ=="],

    "regexp-tree": ["regexp-tree@0.1.27", "", { "bin": { "regexp-tree": "bin/regexp-tree" } }, "sha512-iETxpjK6YoRWJG5o6hXLwvjYAoW+FEZn9os0PD/b6AP6xQwsa/Y7lCVgIixBbUPMfhu+i2LtdeAqVTgGlQarfA=="],

    "simple": ["simple@workspace:packages/examples/simple"],

    "traits-js": ["traits-js@workspace:packages/traits-js"],

    "tslib": ["tslib@2.8.1", "", {}, "sha512-oJFu94HQb+KVduSUQL7wnpmqnfmLsOA/nAh6b6EH0wCEoK0/mPeXU6c3wKDV83MkOuHPRHtSXKKU99IBazS/2w=="],

    "type-level-regexp": ["type-level-regexp@0.1.17", "", {}, "sha512-wTk4DH3cxwk196uGLK/E9pE45aLfeKJacKmcEgEOA/q5dnPGNxXt0cfYdFxb57L+sEpf1oJH4Dnx/pnRcku9jg=="],

    "typescript": ["typescript@5.9.2", "", { "bin": { "tsc": "bin/tsc", "tsserver": "bin/tsserver" } }, "sha512-CWBzXQrc/qOkhidw1OzBTQuYRbfyxDXJMVJ1XNwUHGROVmuaeiEm3OslpZ1RV96d7SKKjZKrSJu3+t/xlw3R9A=="],

    "ufo": ["ufo@1.6.1", "", {}, "sha512-9a4/uxlTWJ4+a5i0ooc1rU7C7YOw3wT+UGqdeNNHWnOF9qcMBgLRS+4IYUqbczewFx4mLEig6gawh7X6mFlEkA=="],

    "undici-types": ["undici-types@7.10.0", "", {}, "sha512-t5Fy/nfn+14LuOc2KNYg75vZqClpAiqscVvMygNnlsHBFpSXdJaYtXMcdNLpl/Qvc3P2cB3s6lOV51nqsFq4ag=="],

    "unplugin": ["unplugin@2.3.10", "", { "dependencies": { "@jridgewell/remapping": "^2.3.5", "acorn": "^8.15.0", "picomatch": "^4.0.3", "webpack-virtual-modules": "^0.6.2" } }, "sha512-6NCPkv1ClwH+/BGE9QeoTIl09nuiAt0gS28nn1PvYXsGKRwM2TCbFA2QiilmehPDTXIe684k4rZI1yl3A1PCUw=="],

    "webpack-virtual-modules": ["webpack-virtual-modules@0.6.2", "", {}, "sha512-66/V2i5hQanC51vBQKPH4aI8NMAcBW59FVBs+rC7eGHupMyfn34q7rZIE+ETlJ+XTevqfUhVVBgSUNSW2flEUQ=="],
  }
}
